Microsoft Visual Studio Solution File, Format Version 12.00
# Visual Studio Version 17
VisualStudioVersion = 17.5.2.0
MinimumVisualStudioVersion = 10.0.40219.1
Project("{FAE04EC0-301F-11D3-BF4B-00C04F79EFBC}") = "ex007", "ex007.csproj", "{B6174843-5593-EAE3-71C5-2CE06AA3C405}"
EndProject
Global
	GlobalSection(SolutionConfigurationPlatforms) = preSolution
		Debug|Any CPU = Debug|Any CPU
		Release|Any CPU = Release|Any CPU
	EndGlobalSection
	GlobalSection(ProjectConfigurationPlatforms) = postSolution
		{B6174843-5593-EAE3-71C5-2CE06AA3C405}.Debug|Any CPU.ActiveCfg = Debug|Any CPU
		{B6174843-5593-EAE3-71C5-2CE06AA3C405}.Debug|Any CPU.Build.0 = Debug|Any CPU
		{B6174843-5593-EAE3-71C5-2CE06AA3C405}.Release|Any CPU.ActiveCfg = Release|Any CPU
		{B6174843-5593-EAE3-71C5-2CE06AA3C405}.Release|Any CPU.Build.0 = Release|Any CPU
	EndGlobalSection
	GlobalSection(SolutionProperties) = preSolution
		HideSolutionNode = FALSE
	EndGlobalSection
	GlobalSection(ExtensibilityGlobals) = postSolution
		SolutionGuid = {93F3B2EC-33DE-4FD3-BC04-13556C58DEAB}
	EndGlobalSection
EndGlobal
