Microsoft Visual Studio Solution File, Format Version 12.00
# Visual Studio Version 17
VisualStudioVersion = 17.5.2.0
MinimumVisualStudioVersion = 10.0.40219.1
Project("{FAE04EC0-301F-11D3-BF4B-00C04F79EFBC}") = "Ex001", "Ex001.csproj", "{AD2FC905-97D7-2D6C-01DF-2CEC404346FE}"
EndProject
Global
	GlobalSection(SolutionConfigurationPlatforms) = preSolution
		Debug|Any CPU = Debug|Any CPU
		Release|Any CPU = Release|Any CPU
	EndGlobalSection
	GlobalSection(ProjectConfigurationPlatforms) = postSolution
		{AD2FC905-97D7-2D6C-01DF-2CEC404346FE}.Debug|Any CPU.ActiveCfg = Debug|Any CPU
		{AD2FC905-97D7-2D6C-01DF-2CEC404346FE}.Debug|Any CPU.Build.0 = Debug|Any CPU
		{AD2FC905-97D7-2D6C-01DF-2CEC404346FE}.Release|Any CPU.ActiveCfg = Release|Any CPU
		{AD2FC905-97D7-2D6C-01DF-2CEC404346FE}.Release|Any CPU.Build.0 = Release|Any CPU
	EndGlobalSection
	GlobalSection(SolutionProperties) = preSolution
		HideSolutionNode = FALSE
	EndGlobalSection
	GlobalSection(ExtensibilityGlobals) = postSolution
		SolutionGuid = {8EA35178-776C-4CAB-845C-F07C2D8A01FA}
	EndGlobalSection
EndGlobal
